// !$*UTF8*$!
{
	archiveVersion = 1;
	classes = {
	};
	objectVersion = 56;
	objects = {

/* Begin PBXBuildFile section */
		7A78ABC22AAE191B00131A82 /* AppDelegate.swift in Sources */ = {isa = PBXBuildFile; fileRef = 7A78ABC12AAE191B00131A82 /* AppDelegate.swift */; };
		7A78ABC42AAE191B00131A82 /* SceneDelegate.swift in Sources */ = {isa = PBXBuildFile; fileRef = 7A78ABC32AAE191B00131A82 /* SceneDelegate.swift */; };
		7A78ABCB2AAE192000131A82 /* Assets.xcassets in Resources */ = {isa = PBXBuildFile; fileRef = 7A78ABCA2AAE192000131A82 /* Assets.xcassets */; };
		7A78ABCE2AAE192000131A82 /* LaunchScreen.storyboard in Resources */ = {isa = PBXBuildFile; fileRef = 7A78ABCC2AAE192000131A82 /* LaunchScreen.storyboard */; };
		7A78ABDB2AAE2A9900131A82 /* Constraints in Frameworks */ = {isa = PBXBuildFile; productRef = 7A78ABDA2AAE2A9900131A82 /* Constraints */; };
		7A78ABDF2AAE413600131A82 /* CharactersViewController.swift in Sources */ = {isa = PBXBuildFile; fileRef = 7A78ABDE2AAE413600131A82 /* CharactersViewController.swift */; };
		7A78ABE12AAF063D00131A82 /* StoryViewController.swift in Sources */ = {isa = PBXBuildFile; fileRef = 7A78ABE02AAF063D00131A82 /* StoryViewController.swift */; };
		7A78ABE32AAF0F9300131A82 /* SplashViewController.swift in Sources */ = {isa = PBXBuildFile; fileRef = 7A78ABE22AAF0F9300131A82 /* SplashViewController.swift */; };
		7A78ABE72AAFAE7E00131A82 /* Collection.swift in Sources */ = {isa = PBXBuildFile; fileRef = 7A78ABE62AAFAE7E00131A82 /* Collection.swift */; };
		7A78ABE92AB1C76D00131A82 /* Cell.swift in Sources */ = {isa = PBXBuildFile; fileRef = 7A78ABE82AB1C76D00131A82 /* Cell.swift */; };
		7A78ABED2AB606A900131A82 /* Networker.swift in Sources */ = {isa = PBXBuildFile; fileRef = 7A78ABEC2AB606A900131A82 /* Networker.swift */; };
		7A78ABEF2AB8B84E00131A82 /* Model.swift in Sources */ = {isa = PBXBuildFile; fileRef = 7A78ABEE2AB8B84E00131A82 /* Model.swift */; };
		7A78ABF12AC1DADB00131A82 /* FavoritesViewController.swift in Sources */ = {isa = PBXBuildFile; fileRef = 7A78ABF02AC1DADB00131A82 /* FavoritesViewController.swift */; };
/* End PBXBuildFile section */

/* Begin PBXFileReference section */
		7A78ABBE2AAE191B00131A82 /* RikiMortyMVVM.app */ = {isa = PBXFileReference; explicitFileType = wrapper.application; includeInIndex = 0; path = RikiMortyMVVM.app; sourceTree = BUILT_PRODUCTS_DIR; };
		7A78ABC12AAE191B00131A82 /* AppDelegate.swift */ = {isa = PBXFileReference; lastKnownFileType = sourcecode.swift; path = AppDelegate.swift; sourceTree = "<group>"; };
		7A78ABC32AAE191B00131A82 /* SceneDelegate.swift */ = {isa = PBXFileReference; lastKnownFileType = sourcecode.swift; path = SceneDelegate.swift; sourceTree = "<group>"; };
		7A78ABCA2AAE192000131A82 /* Assets.xcassets */ = {isa = PBXFileReference; lastKnownFileType = folder.assetcatalog; path = Assets.xcassets; sourceTree = "<group>"; };
		7A78ABCD2AAE192000131A82 /* Base */ = {isa = PBXFileReference; lastKnownFileType = file.storyboard; name = Base; path = Base.lproj/LaunchScreen.storyboard; sourceTree = "<group>"; };
		7A78ABCF2AAE192000131A82 /* Info.plist */ = {isa = PBXFileReference; lastKnownFileType = text.plist.xml; path = Info.plist; sourceTree = "<group>"; };
		7A78ABDE2AAE413600131A82 /* CharactersViewController.swift */ = {isa = PBXFileReference; lastKnownFileType = sourcecode.swift; path = CharactersViewController.swift; sourceTree = "<group>"; };
		7A78ABE02AAF063D00131A82 /* StoryViewController.swift */ = {isa = PBXFileReference; lastKnownFileType = sourcecode.swift; path = StoryViewController.swift; sourceTree = "<group>"; };
		7A78ABE22AAF0F9300131A82 /* SplashViewController.swift */ = {isa = PBXFileReference; lastKnownFileType = sourcecode.swift; path = SplashViewController.swift; sourceTree = "<group>"; };
		7A78ABE62AAFAE7E00131A82 /* Collection.swift */ = {isa = PBXFileReference; lastKnownFileType = sourcecode.swift; path = Collection.swift; sourceTree = "<group>"; };
		7A78ABE82AB1C76D00131A82 /* Cell.swift */ = {isa = PBXFileReference; lastKnownFileType = sourcecode.swift; path = Cell.swift; sourceTree = "<group>"; };
		7A78ABEC2AB606A900131A82 /* Networker.swift */ = {isa = PBXFileReference; lastKnownFileType = sourcecode.swift; path = Networker.swift; sourceTree = "<group>"; };
		7A78ABEE2AB8B84E00131A82 /* Model.swift */ = {isa = PBXFileReference; lastKnownFileType = sourcecode.swift; path = Model.swift; sourceTree = "<group>"; };
		7A78ABF02AC1DADB00131A82 /* FavoritesViewController.swift */ = {isa = PBXFileReference; lastKnownFileType = sourcecode.swift; path = FavoritesViewController.swift; sourceTree = "<group>"; };
/* End PBXFileReference section */

/* Begin PBXFrameworksBuildPhase section */
		7A78ABBB2AAE191B00131A82 /* Frameworks */ = {
			isa = PBXFrameworksBuildPhase;
			buildActionMask = 2147483647;
			files = (
				7A78ABDB2AAE2A9900131A82 /* Constraints in Frameworks */,
			);
			runOnlyForDeploymentPostprocessing = 0;
		};
/* End PBXFrameworksBuildPhase section */

/* Begin PBXGroup section */
		7A78ABB52AAE191B00131A82 = {
			isa = PBXGroup;
			children = (
				7A78ABC02AAE191B00131A82 /* RikiMortyMVVM */,
				7A78ABBF2AAE191B00131A82 /* Products */,
			);
			sourceTree = "<group>";
		};
		7A78ABBF2AAE191B00131A82 /* Products */ = {
			isa = PBXGroup;
			children = (
				7A78ABBE2AAE191B00131A82 /* RikiMortyMVVM.app */,
			);
			name = Products;
			sourceTree = "<group>";
		};
		7A78ABC02AAE191B00131A82 /* RikiMortyMVVM */ = {
			isa = PBXGroup;
			children = (
				7A78ABEB2AB6067300131A82 /* Network */,
				7A78ABEA2AB5D89500131A82 /* Model */,
				7A78ABE42AAF617700131A82 /* CollectionViews */,
				7A78ABD52AAE22A600131A82 /* View */,
				7A78ABD82AAE2A2E00131A82 /* Others */,
				7A78ABCF2AAE192000131A82 /* Info.plist */,
			);
			path = RikiMortyMVVM;
			sourceTree = "<group>";
		};
		7A78ABD52AAE22A600131A82 /* View */ = {
			isa = PBXGroup;
			children = (
				7A78ABF22AC220D700131A82 /* Splash */,
				7A78ABDE2AAE413600131A82 /* CharactersViewController.swift */,
				7A78ABE02AAF063D00131A82 /* StoryViewController.swift */,
				7A78ABF02AC1DADB00131A82 /* FavoritesViewController.swift */,
			);
			path = View;
			sourceTree = "<group>";
		};
		7A78ABD82AAE2A2E00131A82 /* Others */ = {
			isa = PBXGroup;
			children = (
				7A78ABCC2AAE192000131A82 /* LaunchScreen.storyboard */,
				7A78ABCA2AAE192000131A82 /* Assets.xcassets */,
				7A78ABC32AAE191B00131A82 /* SceneDelegate.swift */,
				7A78ABC12AAE191B00131A82 /* AppDelegate.swift */,
			);
			path = Others;
			sourceTree = "<group>";
		};
		7A78ABE42AAF617700131A82 /* CollectionViews */ = {
			isa = PBXGroup;
			children = (
				7A78ABF32AC2226E00131A82 /* Cell */,
				7A78ABE52AAF618E00131A82 /* Collection */,
			);
			path = CollectionViews;
			sourceTree = "<group>";
		};
		7A78ABE52AAF618E00131A82 /* Collection */ = {
			isa = PBXGroup;
			children = (
				7A78ABE62AAFAE7E00131A82 /* Collection.swift */,
			);
			path = Collection;
			sourceTree = "<group>";
		};
		7A78ABEA2AB5D89500131A82 /* Model */ = {
			isa = PBXGroup;
			children = (
				7A78ABEE2AB8B84E00131A82 /* Model.swift */,
			);
			path = Model;
			sourceTree = "<group>";
		};
		7A78ABEB2AB6067300131A82 /* Network */ = {
			isa = PBXGroup;
			children = (
				7A78ABEC2AB606A900131A82 /* Networker.swift */,
			);
			path = Network;
			sourceTree = "<group>";
		};
		7A78ABF22AC220D700131A82 /* Splash */ = {
			isa = PBXGroup;
			children = (
				7A78ABE22AAF0F9300131A82 /* SplashViewController.swift */,
			);
			path = Splash;
			sourceTree = "<group>";
		};
		7A78ABF32AC2226E00131A82 /* Cell */ = {
			isa = PBXGroup;
			children = (
				7A78ABE82AB1C76D00131A82 /* Cell.swift */,
			);
			path = Cell;
			sourceTree = "<group>";
		};
/* End PBXGroup section */

/* Begin PBXNativeTarget section */
		7A78ABBD2AAE191B00131A82 /* RikiMortyMVVM */ = {
			isa = PBXNativeTarget;
			buildConfigurationList = 7A78ABD22AAE192000131A82 /* Build configuration list for PBXNativeTarget "RikiMortyMVVM" */;
			buildPhases = (
				7A78ABBA2AAE191B00131A82 /* Sources */,
				7A78ABBB2AAE191B00131A82 /* Frameworks */,
				7A78ABBC2AAE191B00131A82 /* Resources */,
			);
			buildRules = (
			);
			dependencies = (
			);
			name = RikiMortyMVVM;
			packageProductDependencies = (
				7A78ABDA2AAE2A9900131A82 /* Constraints */,
			);
			productName = RikiMortyMVVM;
			productReference = 7A78ABBE2AAE191B00131A82 /* RikiMortyMVVM.app */;
			productType = "com.apple.product-type.application";
		};
/* End PBXNativeTarget section */

/* Begin PBXProject section */
		7A78ABB62AAE191B00131A82 /* Project object */ = {
			isa = PBXProject;
			attributes = {
				BuildIndependentTargetsInParallel = 1;
				LastSwiftUpdateCheck = 1430;
				LastUpgradeCheck = 1430;
				TargetAttributes = {
					7A78ABBD2AAE191B00131A82 = {
						CreatedOnToolsVersion = 14.3;
					};
				};
			};
			buildConfigurationList = 7A78ABB92AAE191B00131A82 /* Build configuration list for PBXProject "RikiMortyMVVM" */;
			compatibilityVersion = "Xcode 14.0";
			developmentRegion = en;
			hasScannedForEncodings = 0;
			knownRegions = (
				en,
				Base,
			);
			mainGroup = 7A78ABB52AAE191B00131A82;
			packageReferences = (
				7A78ABD92AAE2A9900131A82 /* XCRemoteSwiftPackageReference "Constraints" */,
			);
			productRefGroup = 7A78ABBF2AAE191B00131A82 /* Products */;
			projectDirPath = "";
			projectRoot = "";
			targets = (
				7A78ABBD2AAE191B00131A82 /* RikiMortyMVVM */,
			);
		};
/* End PBXProject section */

/* Begin PBXResourcesBuildPhase section */
		7A78ABBC2AAE191B00131A82 /* Resources */ = {
			isa = PBXResourcesBuildPhase;
			buildActionMask = 2147483647;
			files = (
				7A78ABCE2AAE192000131A82 /* LaunchScreen.storyboard in Resources */,
				7A78ABCB2AAE192000131A82 /* Assets.xcassets in Resources */,
			);
			runOnlyForDeploymentPostprocessing = 0;
		};
/* End PBXResourcesBuildPhase section */

/* Begin PBXSourcesBuildPhase section */
		7A78ABBA2AAE191B00131A82 /* Sources */ = {
			isa = PBXSourcesBuildPhase;
			buildActionMask = 2147483647;
			files = (
				7A78ABEF2AB8B84E00131A82 /* Model.swift in Sources */,
				7A78ABE12AAF063D00131A82 /* StoryViewController.swift in Sources */,
				7A78ABF12AC1DADB00131A82 /* FavoritesViewController.swift in Sources */,
				7A78ABE72AAFAE7E00131A82 /* Collection.swift in Sources */,
				7A78ABDF2AAE413600131A82 /* CharactersViewController.swift in Sources */,
				7A78ABED2AB606A900131A82 /* Networker.swift in Sources */,
				7A78ABC22AAE191B00131A82 /* AppDelegate.swift in Sources */,
				7A78ABC42AAE191B00131A82 /* SceneDelegate.swift in Sources */,
				7A78ABE92AB1C76D00131A82 /* Cell.swift in Sources */,
				7A78ABE32AAF0F9300131A82 /* SplashViewController.swift in Sources */,
			);
			runOnlyForDeploymentPostprocessing = 0;
		};
/* End PBXSourcesBuildPhase section */

/* Begin PBXVariantGroup section */
		7A78ABCC2AAE192000131A82 /* LaunchScreen.storyboard */ = {
			isa = PBXVariantGroup;
			children = (
				7A78ABCD2AAE192000131A82 /* Base */,
			);
			name = LaunchScreen.storyboard;
			sourceTree = "<group>";
		};
/* End PBXVariantGroup section */

/* Begin XCBuildConfiguration section */
		7A78ABD02AAE192000131A82 /* Debug */ = {
			isa = XCBuildConfiguration;
			buildSettings = {
				ALWAYS_SEARCH_USER_PATHS = NO;
				CLANG_ANALYZER_NONNULL = YES;
				CLANG_ANALYZER_NUMBER_OBJECT_CONVERSION = YES_AGGRESSIVE;
				CLANG_CXX_LANGUAGE_STANDARD = "gnu++20";
				CLANG_ENABLE_MODULES = YES;
				CLANG_ENABLE_OBJC_ARC = YES;
				CLANG_ENABLE_OBJC_WEAK = YES;
				CLANG_WARN_BLOCK_CAPTURE_AUTORELEASING = YES;
				CLANG_WARN_BOOL_CONVERSION = YES;
				CLANG_WARN_COMMA = YES;
				CLANG_WARN_CONSTANT_CONVERSION = YES;
				CLANG_WARN_DEPRECATED_OBJC_IMPLEMENTATIONS = YES;
				CLANG_WARN_DIRECT_OBJC_ISA_USAGE = YES_ERROR;
				CLANG_WARN_DOCUMENTATION_COMMENTS = YES;
				CLANG_WARN_EMPTY_BODY = YES;
				CLANG_WARN_ENUM_CONVERSION = YES;
				CLANG_WARN_INFINITE_RECURSION = YES;
				CLANG_WARN_INT_CONVERSION = YES;
				CLANG_WARN_NON_LITERAL_NULL_CONVERSION = YES;
				CLANG_WARN_OBJC_IMPLICIT_RETAIN_SELF = YES;
				CLANG_WARN_OBJC_LITERAL_CONVERSION = YES;
				CLANG_WARN_OBJC_ROOT_CLASS = YES_ERROR;
				CLANG_WARN_QUOTED_INCLUDE_IN_FRAMEWORK_HEADER = YES;
				CLANG_WARN_RANGE_LOOP_ANALYSIS = YES;
				CLANG_WARN_STRICT_PROTOTYPES = YES;
				CLANG_WARN_SUSPICIOUS_MOVE = YES;
				CLANG_WARN_UNGUARDED_AVAILABILITY = YES_AGGRESSIVE;
				CLANG_WARN_UNREACHABLE_CODE = YES;
				CLANG_WARN__DUPLICATE_METHOD_MATCH = YES;
				COPY_PHASE_STRIP = NO;
				DEBUG_INFORMATION_FORMAT = dwarf;
				ENABLE_STRICT_OBJC_MSGSEND = YES;
				ENABLE_TESTABILITY = YES;
				GCC_C_LANGUAGE_STANDARD = gnu11;
				GCC_DYNAMIC_NO_PIC = NO;
				GCC_NO_COMMON_BLOCKS = YES;
				GCC_OPTIMIZATION_LEVEL = 0;
				GCC_PREPROCESSOR_DEFINITIONS = (
					"DEBUG=1",
					"$(inherited)",
				);
				GCC_WARN_64_TO_32_BIT_CONVERSION = YES;
				GCC_WARN_ABOUT_RETURN_TYPE = YES_ERROR;
				GCC_WARN_UNDECLARED_SELECTOR = YES;
				GCC_WARN_UNINITIALIZED_AUTOS = YES_AGGRESSIVE;
				GCC_WARN_UNUSED_FUNCTION = YES;
				GCC_WARN_UNUSED_VARIABLE = YES;
				IPHONEOS_DEPLOYMENT_TARGET = 16.4;
				MTL_ENABLE_DEBUG_INFO = INCLUDE_SOURCE;
				MTL_FAST_MATH = YES;
				ONLY_ACTIVE_ARCH = YES;
				SDKROOT = iphoneos;
				SWIFT_ACTIVE_COMPILATION_CONDITIONS = DEBUG;
				SWIFT_OPTIMIZATION_LEVEL = "-Onone";
			};
			name = Debug;
		};
		7A78ABD12AAE192000131A82 /* Release */ = {
			isa = XCBuildConfiguration;
			buildSettings = {
				ALWAYS_SEARCH_USER_PATHS = NO;
				CLANG_ANALYZER_NONNULL = YES;
				CLANG_ANALYZER_NUMBER_OBJECT_CONVERSION = YES_AGGRESSIVE;
				CLANG_CXX_LANGUAGE_STANDARD = "gnu++20";
				CLANG_ENABLE_MODULES = YES;
				CLANG_ENABLE_OBJC_ARC = YES;
				CLANG_ENABLE_OBJC_WEAK = YES;
				CLANG_WARN_BLOCK_CAPTURE_AUTORELEASING = YES;
				CLANG_WARN_BOOL_CONVERSION = YES;
				CLANG_WARN_COMMA = YES;
				CLANG_WARN_CONSTANT_CONVERSION = YES;
				CLANG_WARN_DEPRECATED_OBJC_IMPLEMENTATIONS = YES;
				CLANG_WARN_DIRECT_OBJC_ISA_USAGE = YES_ERROR;
				CLANG_WARN_DOCUMENTATION_COMMENTS = YES;
				CLANG_WARN_EMPTY_BODY = YES;
				CLANG_WARN_ENUM_CONVERSION = YES;
				CLANG_WARN_INFINITE_RECURSION = YES;
				CLANG_WARN_INT_CONVERSION = YES;
				CLANG_WARN_NON_LITERAL_NULL_CONVERSION = YES;
				CLANG_WARN_OBJC_IMPLICIT_RETAIN_SELF = YES;
				CLANG_WARN_OBJC_LITERAL_CONVERSION = YES;
				CLANG_WARN_OBJC_ROOT_CLASS = YES_ERROR;
				CLANG_WARN_QUOTED_INCLUDE_IN_FRAMEWORK_HEADER = YES;
				CLANG_WARN_RANGE_LOOP_ANALYSIS = YES;
				CLANG_WARN_STRICT_PROTOTYPES = YES;
				CLANG_WARN_SUSPICIOUS_MOVE = YES;
				CLANG_WARN_UNGUARDED_AVAILABILITY = YES_AGGRESSIVE;
				CLANG_WARN_UNREACHABLE_CODE = YES;
				CLANG_WARN__DUPLICATE_METHOD_MATCH = YES;
				COPY_PHASE_STRIP = NO;
				DEBUG_INFORMATION_FORMAT = "dwarf-with-dsym";
				ENABLE_NS_ASSERTIONS = NO;
				ENABLE_STRICT_OBJC_MSGSEND = YES;
				GCC_C_LANGUAGE_STANDARD = gnu11;
				GCC_NO_COMMON_BLOCKS = YES;
				GCC_WARN_64_TO_32_BIT_CONVERSION = YES;
				GCC_WARN_ABOUT_RETURN_TYPE = YES_ERROR;
				GCC_WARN_UNDECLARED_SELECTOR = YES;
				GCC_WARN_UNINITIALIZED_AUTOS = YES_AGGRESSIVE;
				GCC_WARN_UNUSED_FUNCTION = YES;
				GCC_WARN_UNUSED_VARIABLE = YES;
				IPHONEOS_DEPLOYMENT_TARGET = 16.4;
				MTL_ENABLE_DEBUG_INFO = NO;
				MTL_FAST_MATH = YES;
				SDKROOT = iphoneos;
				SWIFT_COMPILATION_MODE = wholemodule;
				SWIFT_OPTIMIZATION_LEVEL = "-O";
				VALIDATE_PRODUCT = YES;
			};
			name = Release;
		};
		7A78ABD32AAE192000131A82 /* Debug */ = {
			isa = XCBuildConfiguration;
			buildSettings = {
				ASSETCATALOG_COMPILER_APPICON_NAME = AppIcon;
				ASSETCATALOG_COMPILER_GLOBAL_ACCENT_COLOR_NAME = AccentColor;
				CODE_SIGN_STYLE = Automatic;
				CURRENT_PROJECT_VERSION = 1;
				GENERATE_INFOPLIST_FILE = YES;
				INFOPLIST_FILE = RikiMortyMVVM/Info.plist;
				INFOPLIST_KEY_UIApplicationSupportsIndirectInputEvents = YES;
				INFOPLIST_KEY_UILaunchStoryboardName = LaunchScreen;
				INFOPLIST_KEY_UISupportedInterfaceOrientations_iPad = "UIInterfaceOrientationPortrait UIInterfaceOrientationPortraitUpsideDown UIInterfaceOrientationLandscapeLeft UIInterfaceOrientationLandscapeRight";
				INFOPLIST_KEY_UISupportedInterfaceOrientations_iPhone = "UIInterfaceOrientationPortrait UIInterfaceOrientationLandscapeLeft UIInterfaceOrientationLandscapeRight";
				LD_RUNPATH_SEARCH_PATHS = (
					"$(inherited)",
					"@executable_path/Frameworks",
				);
				MARKETING_VERSION = 1.0;
				PRODUCT_BUNDLE_IDENTIFIER = "-23.RikiMortyMVVM";
				PRODUCT_NAME = "$(TARGET_NAME)";
				SWIFT_EMIT_LOC_STRINGS = YES;
				SWIFT_VERSION = 5.0;
				TARGETED_DEVICE_FAMILY = "1,2";
			};
			name = Debug;
		};
		7A78ABD42AAE192000131A82 /* Release */ = {
			isa = XCBuildConfiguration;
			buildSettings = {
				ASSETCATALOG_COMPILER_APPICON_NAME = AppIcon;
				ASSETCATALOG_COMPILER_GLOBAL_ACCENT_COLOR_NAME = AccentColor;
				CODE_SIGN_STYLE = Automatic;
				CURRENT_PROJECT_VERSION = 1;
				GENERATE_INFOPLIST_FILE = YES;
				INFOPLIST_FILE = RikiMortyMVVM/Info.plist;
				INFOPLIST_KEY_UIApplicationSupportsIndirectInputEvents = YES;
				INFOPLIST_KEY_UILaunchStoryboardName = LaunchScreen;
				INFOPLIST_KEY_UISupportedInterfaceOrientations_iPad = "UIInterfaceOrientationPortrait UIInterfaceOrientationPortraitUpsideDown UIInterfaceOrientationLandscapeLeft UIInterfaceOrientationLandscapeRight";
				INFOPLIST_KEY_UISupportedInterfaceOrientations_iPhone = "UIInterfaceOrientationPortrait UIInterfaceOrientationLandscapeLeft UIInterfaceOrientationLandscapeRight";
				LD_RUNPATH_SEARCH_PATHS = (
					"$(inherited)",
					"@executable_path/Frameworks",
				);
				MARKETING_VERSION = 1.0;
				PRODUCT_BUNDLE_IDENTIFIER = "-23.RikiMortyMVVM";
				PRODUCT_NAME = "$(TARGET_NAME)";
				SWIFT_EMIT_LOC_STRINGS = YES;
				SWIFT_VERSION = 5.0;
				TARGETED_DEVICE_FAMILY = "1,2";
			};
			name = Release;
		};
/* End XCBuildConfiguration section */

/* Begin XCConfigurationList section */
		7A78ABB92AAE191B00131A82 /* Build configuration list for PBXProject "RikiMortyMVVM" */ = {
			isa = XCConfigurationList;
			buildConfigurations = (
				7A78ABD02AAE192000131A82 /* Debug */,
				7A78ABD12AAE192000131A82 /* Release */,
			);
			defaultConfigurationIsVisible = 0;
			defaultConfigurationName = Release;
		};
		7A78ABD22AAE192000131A82 /* Build configuration list for PBXNativeTarget "RikiMortyMVVM" */ = {
			isa = XCConfigurationList;
			buildConfigurations = (
				7A78ABD32AAE192000131A82 /* Debug */,
				7A78ABD42AAE192000131A82 /* Release */,
			);
			defaultConfigurationIsVisible = 0;
			defaultConfigurationName = Release;
		};
/* End XCConfigurationList section */

/* Begin XCRemoteSwiftPackageReference section */
		7A78ABD92AAE2A9900131A82 /* XCRemoteSwiftPackageReference "Constraints" */ = {
			isa = XCRemoteSwiftPackageReference;
			repositoryURL = "https://github.com/cacich0/Constraints";
			requirement = {
				branch = main;
				kind = branch;
			};
		};
/* End XCRemoteSwiftPackageReference section */

/* Begin XCSwiftPackageProductDependency section */
		7A78ABDA2AAE2A9900131A82 /* Constraints */ = {
			isa = XCSwiftPackageProductDependency;
			package = 7A78ABD92AAE2A9900131A82 /* XCRemoteSwiftPackageReference "Constraints" */;
			productName = Constraints;
		};
/* End XCSwiftPackageProductDependency section */
	};
	rootObject = 7A78ABB62AAE191B00131A82 /* Project object */;
}
